// !$*UTF8*$!
{
	archiveVersion = 1;
	classes = {
	};
	objectVersion = 46;
	objects = {

/* Begin PBXBuildFile section */
		408863ED4F4353D05BD43B69 /* libPods-FCRM.a in Frameworks */ = {isa = PBXBuildFile; fileRef = 6B96895F5C7F0D544F4A62E1 /* libPods-FCRM.a */; };
		801A48071B5F9EEE006D537B /* main.m in Sources */ = {isa = PBXBuildFile; fileRef = 801A48061B5F9EEE006D537B /* main.m */; };
		801A480A1B5F9EEE006D537B /* AppDelegate.m in Sources */ = {isa = PBXBuildFile; fileRef = 801A48091B5F9EEE006D537B /* AppDelegate.m */; };
		801A480D1B5F9EEE006D537B /* FCRM.xcdatamodeld in Sources */ = {isa = PBXBuildFile; fileRef = 801A480B1B5F9EEE006D537B /* FCRM.xcdatamodeld */; };
		801A48131B5F9EEE006D537B /* Main.storyboard in Resources */ = {isa = PBXBuildFile; fileRef = 801A48111B5F9EEE006D537B /* Main.storyboard */; };
		801A48151B5F9EEE006D537B /* Images.xcassets in Resources */ = {isa = PBXBuildFile; fileRef = 801A48141B5F9EEE006D537B /* Images.xcassets */; };
		801A48181B5F9EEE006D537B /* LaunchScreen.xib in Resources */ = {isa = PBXBuildFile; fileRef = 801A48161B5F9EEE006D537B /* LaunchScreen.xib */; };
		801A48241B5F9EEF006D537B /* FCRMTests.m in Sources */ = {isa = PBXBuildFile; fileRef = 801A48231B5F9EEF006D537B /* FCRMTests.m */; };
		802834D51B7098A000CEC4BA /* ClientTableViewCell.m in Sources */ = {isa = PBXBuildFile; fileRef = 802834D31B7098A000CEC4BA /* ClientTableViewCell.m */; };
		802834D61B7098A000CEC4BA /* ClientTableViewCell.xib in Resources */ = {isa = PBXBuildFile; fileRef = 802834D41B7098A000CEC4BA /* ClientTableViewCell.xib */; };
		802834D91B70A1EE00CEC4BA /* ClientList.storyboard in Resources */ = {isa = PBXBuildFile; fileRef = 802834D81B70A1EE00CEC4BA /* ClientList.storyboard */; };
		802834DC1B70A26300CEC4BA /* ClientListViewController.m in Sources */ = {isa = PBXBuildFile; fileRef = 802834DB1B70A26300CEC4BA /* ClientListViewController.m */; };
		802834E21B70A47900CEC4BA /* ClientMore.m in Sources */ = {isa = PBXBuildFile; fileRef = 802834E11B70A47900CEC4BA /* ClientMore.m */; };
		802834E81B70E60400CEC4BA /* CreateClientTableViewController.m in Sources */ = {isa = PBXBuildFile; fileRef = 802834E71B70E60400CEC4BA /* CreateClientTableViewController.m */; };
		802834EB1B71022D00CEC4BA /* Client.m in Sources */ = {isa = PBXBuildFile; fileRef = 802834EA1B71022D00CEC4BA /* Client.m */; };
		8028D5BE1B69D4BC0054D0EF /* baoxianicon.png in Resources */ = {isa = PBXBuildFile; fileRef = 8028D5B81B69D4BC0054D0EF /* baoxianicon.png */; };
		8028D5BF1B69D4BC0054D0EF /* duichongicon.png in Resources */ = {isa = PBXBuildFile; fileRef = 8028D5B91B69D4BC0054D0EF /* duichongicon.png */; };
		8028D5C01B69D4BC0054D0EF /* gupiaoicon.png in Resources */ = {isa = PBXBuildFile; fileRef = 8028D5BA1B69D4BC0054D0EF /* gupiaoicon.png */; };
		8028D5C11B69D4BC0054D0EF /* huobiicon.png in Resources */ = {isa = PBXBuildFile; fileRef = 8028D5BB1B69D4BC0054D0EF /* huobiicon.png */; };
		8028D5C21B69D4BC0054D0EF /* p2picon.png in Resources */ = {isa = PBXBuildFile; fileRef = 8028D5BC1B69D4BC0054D0EF /* p2picon.png */; };
		8028D5C31B69D4BC0054D0EF /* zhaiquanicon.png in Resources */ = {isa = PBXBuildFile; fileRef = 8028D5BD1B69D4BC0054D0EF /* zhaiquanicon.png */; };
		8028D5C81B69D98C0054D0EF /* high@2x.png in Resources */ = {isa = PBXBuildFile; fileRef = 8028D5C41B69D98C0054D0EF /* high@2x.png */; };
		8028D5C91B69D98C0054D0EF /* high@3x.png in Resources */ = {isa = PBXBuildFile; fileRef = 8028D5C51B69D98C0054D0EF /* high@3x.png */; };
		8028D5CA1B69D98C0054D0EF /* middle@2x.png in Resources */ = {isa = PBXBuildFile; fileRef = 8028D5C61B69D98C0054D0EF /* middle@2x.png */; };
		8028D5CB1B69D98C0054D0EF /* middle@3x.png in Resources */ = {isa = PBXBuildFile; fileRef = 8028D5C71B69D98C0054D0EF /* middle@3x.png */; };
		8028D5CE1B69D9A10054D0EF /* low@2x.png in Resources */ = {isa = PBXBuildFile; fileRef = 8028D5CC1B69D9A10054D0EF /* low@2x.png */; };
		8028D5CF1B69D9A10054D0EF /* low@3x.png in Resources */ = {isa = PBXBuildFile; fileRef = 8028D5CD1B69D9A10054D0EF /* low@3x.png */; };
		8028D5D21B6A139E0054D0EF /* ProductListViewController.m in Sources */ = {isa = PBXBuildFile; fileRef = 8028D5D11B6A139E0054D0EF /* ProductListViewController.m */; };
		8028D5DD1B6A1FC20054D0EF /* SimpleFilterPicker.xib in Resources */ = {isa = PBXBuildFile; fileRef = 8028D5DC1B6A1FC20054D0EF /* SimpleFilterPicker.xib */; };
		8028D5E01B6A200C0054D0EF /* SimpleFilterPicker.m in Sources */ = {isa = PBXBuildFile; fileRef = 8028D5DF1B6A200C0054D0EF /* SimpleFilterPicker.m */; };
		806342AC1B71F18000F7A64E /* checkmark@2x.png in Resources */ = {isa = PBXBuildFile; fileRef = 806342AB1B71F18000F7A64E /* checkmark@2x.png */; };
		808E65101B68A8BE00314238 /* ProductList.storyboard in Resources */ = {isa = PBXBuildFile; fileRef = 808E650F1B68A8BE00314238 /* ProductList.storyboard */; };
		808E65131B68BA2D00314238 /* ProductCategoriesViewController.m in Sources */ = {isa = PBXBuildFile; fileRef = 808E65121B68BA2D00314238 /* ProductCategoriesViewController.m */; };
		808E65171B68BADD00314238 /* ProductTableViewCell.m in Sources */ = {isa = PBXBuildFile; fileRef = 808E65151B68BADD00314238 /* ProductTableViewCell.m */; };
		808E65181B68BADD00314238 /* ProductTableViewCell.xib in Resources */ = {isa = PBXBuildFile; fileRef = 808E65161B68BADD00314238 /* ProductTableViewCell.xib */; };
		808E651C1B68BCC700314238 /* high.png in Resources */ = {isa = PBXBuildFile; fileRef = 808E65191B68BCC700314238 /* high.png */; };
		808E651D1B68BCC700314238 /* low.png in Resources */ = {isa = PBXBuildFile; fileRef = 808E651A1B68BCC700314238 /* low.png */; };
		808E651E1B68BCC700314238 /* middle.png in Resources */ = {isa = PBXBuildFile; fileRef = 808E651B1B68BCC700314238 /* middle.png */; };
		808E65211B68CF9B00314238 /* ProductT.m in Sources */ = {isa = PBXBuildFile; fileRef = 808E65201B68CF9B00314238 /* ProductT.m */; };
		809C20231B74654100EAC7F6 /* TaskList.storyboard in Resources */ = {isa = PBXBuildFile; fileRef = 809C20221B74654100EAC7F6 /* TaskList.storyboard */; };
		809C20261B74977300EAC7F6 /* TaskListViewController.m in Sources */ = {isa = PBXBuildFile; fileRef = 809C20251B74977300EAC7F6 /* TaskListViewController.m */; };
		809C20291B749D1400EAC7F6 /* Task.m in Sources */ = {isa = PBXBuildFile; fileRef = 809C20281B749D1400EAC7F6 /* Task.m */; };
		809C202C1B749D2D00EAC7F6 /* TaskMore.m in Sources */ = {isa = PBXBuildFile; fileRef = 809C202B1B749D2D00EAC7F6 /* TaskMore.m */; };
		809C202F1B74C84300EAC7F6 /* DataHelper.m in Sources */ = {isa = PBXBuildFile; fileRef = 809C202E1B74C84300EAC7F6 /* DataHelper.m */; };
		809C20321B74D4B700EAC7F6 /* CreateTaskViewController.m in Sources */ = {isa = PBXBuildFile; fileRef = 809C20311B74D4B700EAC7F6 /* CreateTaskViewController.m */; };
		80A3216D1B6DD8C600FFCD9B /* UserLogin.storyboard in Resources */ = {isa = PBXBuildFile; fileRef = 80A3216C1B6DD8C600FFCD9B /* UserLogin.storyboard */; };
		80A321701B6DE5F200FFCD9B /* UserT.m in Sources */ = {isa = PBXBuildFile; fileRef = 80A3216F1B6DE5F200FFCD9B /* UserT.m */; };
		80A321741B6DE8E400FFCD9B /* ViewHelper.m in Sources */ = {isa = PBXBuildFile; fileRef = 80A321731B6DE8E400FFCD9B /* ViewHelper.m */; };
		80A321771B6DF83900FFCD9B /* LoginViewController.m in Sources */ = {isa = PBXBuildFile; fileRef = 80A321761B6DF83900FFCD9B /* LoginViewController.m */; };
		80A3217A1B6DF84800FFCD9B /* RegisterViewController.m in Sources */ = {isa = PBXBuildFile; fileRef = 80A321791B6DF84800FFCD9B /* RegisterViewController.m */; };
		80A3217C1B6E049400FFCD9B /* money-bag-icon.png in Resources */ = {isa = PBXBuildFile; fileRef = 80A3217B1B6E049400FFCD9B /* money-bag-icon.png */; };
		80AFB5451B6B7985000A7A13 /* ProductDetailViewController.m in Sources */ = {isa = PBXBuildFile; fileRef = 80AFB5441B6B7985000A7A13 /* ProductDetailViewController.m */; };
		80AFB5481B6BA26A000A7A13 /* InternetImage.m in Sources */ = {isa = PBXBuildFile; fileRef = 80AFB5471B6BA26A000A7A13 /* InternetImage.m */; };
		80B3CB8A1B7597DA0007B03E /* ClientPickerViewController.m in Sources */ = {isa = PBXBuildFile; fileRef = 80B3CB881B7597DA0007B03E /* ClientPickerViewController.m */; };
		80B3CB8B1B7597DA0007B03E /* ClientPickerViewController.xib in Resources */ = {isa = PBXBuildFile; fileRef = 80B3CB891B7597DA0007B03E /* ClientPickerViewController.xib */; };
		80DC79CC1B6F1447009015DC /* qq.png in Resources */ = {isa = PBXBuildFile; fileRef = 80DC79CA1B6F1447009015DC /* qq.png */; };
		80DC79CD1B6F1447009015DC /* wechat.png in Resources */ = {isa = PBXBuildFile; fileRef = 80DC79CB1B6F1447009015DC /* wechat.png */; };
		80FE9AB31B7DCFF800EF55F0 /* FCRMUITabBarController.m in Sources */ = {isa = PBXBuildFile; fileRef = 80FE9AB21B7DCFF800EF55F0 /* FCRMUITabBarController.m */; };
		80FE9AB51B7DE01700EF55F0 /* icon.png in Resources */ = {isa = PBXBuildFile; fileRef = 80FE9AB41B7DE01700EF55F0 /* icon.png */; };
		80FF81711B7371C200044DEF /* TaskTableViewCell.m in Sources */ = {isa = PBXBuildFile; fileRef = 80FF816F1B7371C200044DEF /* TaskTableViewCell.m */; };
		80FF81721B7371C200044DEF /* TaskTableViewCell.xib in Resources */ = {isa = PBXBuildFile; fileRef = 80FF81701B7371C200044DEF /* TaskTableViewCell.xib */; };
/* End PBXBuildFile section */

/* Begin PBXContainerItemProxy section */
		801A481E1B5F9EEF006D537B /* PBXContainerItemProxy */ = {
			isa = PBXContainerItemProxy;
			containerPortal = 801A47F91B5F9EEE006D537B /* Project object */;
			proxyType = 1;
			remoteGlobalIDString = 801A48001B5F9EEE006D537B;
			remoteInfo = FCRM;
		};
/* End PBXContainerItemProxy section */

/* Begin PBXFileReference section */
		0FE2DA54412FB4F4226B9B78 /* Pods-FCRM.debug.xcconfig */ = {isa = PBXFileReference; includeInIndex = 1; lastKnownFileType = text.xcconfig; name = "Pods-FCRM.debug.xcconfig"; path = "Pods/Target Support Files/Pods-FCRM/Pods-FCRM.debug.xcconfig"; sourceTree = "<group>"; };
		6B96895F5C7F0D544F4A62E1 /* libPods-FCRM.a */ = {isa = PBXFileReference; explicitFileType = archive.ar; includeInIndex = 0; path = "libPods-FCRM.a"; sourceTree = BUILT_PRODUCTS_DIR; };
		7F80FD54B0F213004D014CFE /* Pods-FCRM.release.xcconfig */ = {isa = PBXFileReference; includeInIndex = 1; lastKnownFileType = text.xcconfig; name = "Pods-FCRM.release.xcconfig"; path = "Pods/Target Support Files/Pods-FCRM/Pods-FCRM.release.xcconfig"; sourceTree = "<group>"; };
		801A48011B5F9EEE006D537B /* FCRM.app */ = {isa = PBXFileReference; explicitFileType = wrapper.application; includeInIndex = 0; path = FCRM.app; sourceTree = BUILT_PRODUCTS_DIR; };
		801A48051B5F9EEE006D537B /* Info.plist */ = {isa = PBXFileReference; lastKnownFileType = text.plist.xml; path = Info.plist; sourceTree = "<group>"; };
		801A48061B5F9EEE006D537B /* main.m */ = {isa = PBXFileReference; lastKnownFileType = sourcecode.c.objc; path = main.m; sourceTree = "<group>"; };
		801A48081B5F9EEE006D537B /* AppDelegate.h */ = {isa = PBXFileReference; lastKnownFileType = sourcecode.c.h; path = AppDelegate.h; sourceTree = "<group>"; };
		801A48091B5F9EEE006D537B /* AppDelegate.m */ = {isa = PBXFileReference; lastKnownFileType = sourcecode.c.objc; path = AppDelegate.m; sourceTree = "<group>"; };
		801A480C1B5F9EEE006D537B /* FCRM.xcdatamodel */ = {isa = PBXFileReference; lastKnownFileType = wrapper.xcdatamodel; path = FCRM.xcdatamodel; sourceTree = "<group>"; };
		801A48121B5F9EEE006D537B /* Base */ = {isa = PBXFileReference; lastKnownFileType = file.storyboard; name = Base; path = Base.lproj/Main.storyboard; sourceTree = "<group>"; };
		801A48141B5F9EEE006D537B /* Images.xcassets */ = {isa = PBXFileReference; lastKnownFileType = folder.assetcatalog; path = Images.xcassets; sourceTree = "<group>"; };
		801A48171B5F9EEE006D537B /* Base */ = {isa = PBXFileReference; lastKnownFileType = file.xib; name = Base; path = Base.lproj/LaunchScreen.xib; sourceTree = "<group>"; };
		801A481D1B5F9EEF006D537B /* FCRMTests.xctest */ = {isa = PBXFileReference; explicitFileType = wrapper.cfbundle; includeInIndex = 0; path = FCRMTests.xctest; sourceTree = BUILT_PRODUCTS_DIR; };
		801A48221B5F9EEF006D537B /* Info.plist */ = {isa = PBXFileReference; lastKnownFileType = text.plist.xml; path = Info.plist; sourceTree = "<group>"; };
		801A48231B5F9EEF006D537B /* FCRMTests.m */ = {isa = PBXFileReference; lastKnownFileType = sourcecode.c.objc; path = FCRMTests.m; sourceTree = "<group>"; };
		802834D21B7098A000CEC4BA /* ClientTableViewCell.h */ = {isa = PBXFileReference; fileEncoding = 4; lastKnownFileType = sourcecode.c.h; path = ClientTableViewCell.h; sourceTree = "<group>"; };
		802834D31B7098A000CEC4BA /* ClientTableViewCell.m */ = {isa = PBXFileReference; fileEncoding = 4; lastKnownFileType = sourcecode.c.objc; path = ClientTableViewCell.m; sourceTree = "<group>"; };
		802834D41B7098A000CEC4BA /* ClientTableViewCell.xib */ = {isa = PBXFileReference; fileEncoding = 4; lastKnownFileType = file.xib; path = ClientTableViewCell.xib; sourceTree = "<group>"; };
		802834D81B70A1EE00CEC4BA /* ClientList.storyboard */ = {isa = PBXFileReference; fileEncoding = 4; lastKnownFileType = file.storyboard; path = ClientList.storyboard; sourceTree = "<group>"; };
		802834DA1B70A26300CEC4BA /* ClientListViewController.h */ = {isa = PBXFileReference; fileEncoding = 4; lastKnownFileType = sourcecode.c.h; path = ClientListViewController.h; sourceTree = "<group>"; };
		802834DB1B70A26300CEC4BA /* ClientListViewController.m */ = {isa = PBXFileReference; fileEncoding = 4; lastKnownFileType = sourcecode.c.objc; path = ClientListViewController.m; sourceTree = "<group>"; };
		802834E01B70A47900CEC4BA /* ClientMore.h */ = {isa = PBXFileReference; fileEncoding = 4; lastKnownFileType = sourcecode.c.h; path = ClientMore.h; sourceTree = "<group>"; };
		802834E11B70A47900CEC4BA /* ClientMore.m */ = {isa = PBXFileReference; fileEncoding = 4; lastKnownFileType = sourcecode.c.objc; path = ClientMore.m; sourceTree = "<group>"; };
		802834E61B70E60400CEC4BA /* CreateClientTableViewController.h */ = {isa = PBXFileReference; fileEncoding = 4; lastKnownFileType = sourcecode.c.h; path = CreateClientTableViewController.h; sourceTree = "<group>"; };
		802834E71B70E60400CEC4BA /* CreateClientTableViewController.m */ = {isa = PBXFileReference; fileEncoding = 4; lastKnownFileType = sourcecode.c.objc; path = CreateClientTableViewController.m; sourceTree = "<group>"; };
		802834E91B71022D00CEC4BA /* Client.h */ = {isa = PBXFileReference; fileEncoding = 4; lastKnownFileType = sourcecode.c.h; path = Client.h; sourceTree = "<group>"; };
		802834EA1B71022D00CEC4BA /* Client.m */ = {isa = PBXFileReference; fileEncoding = 4; lastKnownFileType = sourcecode.c.objc; path = Client.m; sourceTree = "<group>"; };
		8028D5B81B69D4BC0054D0EF /* baoxianicon.png */ = {isa = PBXFileReference; lastKnownFileType = image.png; path = baoxianicon.png; sourceTree = "<group>"; };
		8028D5B91B69D4BC0054D0EF /* duichongicon.png */ = {isa = PBXFileReference; lastKnownFileType = image.png; path = duichongicon.png; sourceTree = "<group>"; };
		8028D5BA1B69D4BC0054D0EF /* gupiaoicon.png */ = {isa = PBXFileReference; lastKnownFileType = image.png; path = gupiaoicon.png; sourceTree = "<group>"; };
		8028D5BB1B69D4BC0054D0EF /* huobiicon.png */ = {isa = PBXFileReference; lastKnownFileType = image.png; path = huobiicon.png; sourceTree = "<group>"; };
		8028D5BC1B69D4BC0054D0EF /* p2picon.png */ = {isa = PBXFileReference; lastKnownFileType = image.png; path = p2picon.png; sourceTree = "<group>"; };
		8028D5BD1B69D4BC0054D0EF /* zhaiquanicon.png */ = {isa = PBXFileReference; lastKnownFileType = image.png; path = zhaiquanicon.png; sourceTree = "<group>"; };
		8028D5C41B69D98C0054D0EF /* high@2x.png */ = {isa = PBXFileReference; lastKnownFileType = image.png; path = "high@2x.png"; sourceTree = "<group>"; };
		8028D5C51B69D98C0054D0EF /* high@3x.png */ = {isa = PBXFileReference; lastKnownFileType = image.png; path = "high@3x.png"; sourceTree = "<group>"; };
		8028D5C61B69D98C0054D0EF /* middle@2x.png */ = {isa = PBXFileReference; lastKnownFileType = image.png; path = "middle@2x.png"; sourceTree = "<group>"; };
		8028D5C71B69D98C0054D0EF /* middle@3x.png */ = {isa = PBXFileReference; lastKnownFileType = image.png; path = "middle@3x.png"; sourceTree = "<group>"; };
		8028D5CC1B69D9A10054D0EF /* low@2x.png */ = {isa = PBXFileReference; lastKnownFileType = image.png; path = "low@2x.png"; sourceTree = "<group>"; };
		8028D5CD1B69D9A10054D0EF /* low@3x.png */ = {isa = PBXFileReference; lastKnownFileType = image.png; path = "low@3x.png"; sourceTree = "<group>"; };
		8028D5D01B6A139E0054D0EF /* ProductListViewController.h */ = {isa = PBXFileReference; fileEncoding = 4; lastKnownFileType = sourcecode.c.h; path = ProductListViewController.h; sourceTree = "<group>"; };
		8028D5D11B6A139E0054D0EF /* ProductListViewController.m */ = {isa = PBXFileReference; fileEncoding = 4; lastKnownFileType = sourcecode.c.objc; path = ProductListViewController.m; sourceTree = "<group>"; };
		8028D5DC1B6A1FC20054D0EF /* SimpleFilterPicker.xib */ = {isa = PBXFileReference; fileEncoding = 4; lastKnownFileType = file.xib; path = SimpleFilterPicker.xib; sourceTree = "<group>"; };
		8028D5DE1B6A200C0054D0EF /* SimpleFilterPicker.h */ = {isa = PBXFileReference; fileEncoding = 4; lastKnownFileType = sourcecode.c.h; path = SimpleFilterPicker.h; sourceTree = "<group>"; };
		8028D5DF1B6A200C0054D0EF /* SimpleFilterPicker.m */ = {isa = PBXFileReference; fileEncoding = 4; lastKnownFileType = sourcecode.c.objc; path = SimpleFilterPicker.m; sourceTree = "<group>"; };
		806342AB1B71F18000F7A64E /* checkmark@2x.png */ = {isa = PBXFileReference; lastKnownFileType = image.png; path = "checkmark@2x.png"; sourceTree = "<group>"; };
		808E650F1B68A8BE00314238 /* ProductList.storyboard */ = {isa = PBXFileReference; fileEncoding = 4; lastKnownFileType = file.storyboard; path = ProductList.storyboard; sourceTree = "<group>"; };
		808E65111B68BA2D00314238 /* ProductCategoriesViewController.h */ = {isa = PBXFileReference; fileEncoding = 4; lastKnownFileType = sourcecode.c.h; path = ProductCategoriesViewController.h; sourceTree = "<group>"; };
		808E65121B68BA2D00314238 /* ProductCategoriesViewController.m */ = {isa = PBXFileReference; fileEncoding = 4; lastKnownFileType = sourcecode.c.objc; path = ProductCategoriesViewController.m; sourceTree = "<group>"; };
		808E65141B68BADD00314238 /* ProductTableViewCell.h */ = {isa = PBXFileReference; fileEncoding = 4; lastKnownFileType = sourcecode.c.h; path = ProductTableViewCell.h; sourceTree = "<group>"; };
		808E65151B68BADD00314238 /* ProductTableViewCell.m */ = {isa = PBXFileReference; fileEncoding = 4; lastKnownFileType = sourcecode.c.objc; path = ProductTableViewCell.m; sourceTree = "<group>"; };
		808E65161B68BADD00314238 /* ProductTableViewCell.xib */ = {isa = PBXFileReference; fileEncoding = 4; lastKnownFileType = file.xib; path = ProductTableViewCell.xib; sourceTree = "<group>"; };
		808E65191B68BCC700314238 /* high.png */ = {isa = PBXFileReference; lastKnownFileType = image.png; path = high.png; sourceTree = "<group>"; };
		808E651A1B68BCC700314238 /* low.png */ = {isa = PBXFileReference; lastKnownFileType = image.png; path = low.png; sourceTree = "<group>"; };
		808E651B1B68BCC700314238 /* middle.png */ = {isa = PBXFileReference; lastKnownFileType = image.png; path = middle.png; sourceTree = "<group>"; };
		808E651F1B68CF9B00314238 /* ProductT.h */ = {isa = PBXFileReference; fileEncoding = 4; lastKnownFileType = sourcecode.c.h; path = ProductT.h; sourceTree = "<group>"; };
		808E65201B68CF9B00314238 /* ProductT.m */ = {isa = PBXFileReference; fileEncoding = 4; lastKnownFileType = sourcecode.c.objc; path = ProductT.m; sourceTree = "<group>"; };
		809C20221B74654100EAC7F6 /* TaskList.storyboard */ = {isa = PBXFileReference; fileEncoding = 4; lastKnownFileType = file.storyboard; path = TaskList.storyboard; sourceTree = "<group>"; };
		809C20241B74977300EAC7F6 /* TaskListViewController.h */ = {isa = PBXFileReference; fileEncoding = 4; lastKnownFileType = sourcecode.c.h; path = TaskListViewController.h; sourceTree = "<group>"; };
		809C20251B74977300EAC7F6 /* TaskListViewController.m */ = {isa = PBXFileReference; fileEncoding = 4; lastKnownFileType = sourcecode.c.objc; path = TaskListViewController.m; sourceTree = "<group>"; };
		809C20271B749D1400EAC7F6 /* Task.h */ = {isa = PBXFileReference; fileEncoding = 4; lastKnownFileType = sourcecode.c.h; path = Task.h; sourceTree = "<group>"; };
		809C20281B749D1400EAC7F6 /* Task.m */ = {isa = PBXFileReference; fileEncoding = 4; lastKnownFileType = sourcecode.c.objc; path = Task.m; sourceTree = "<group>"; };
		809C202A1B749D2D00EAC7F6 /* TaskMore.h */ = {isa = PBXFileReference; fileEncoding = 4; lastKnownFileType = sourcecode.c.h; path = TaskMore.h; sourceTree = "<group>"; };
		809C202B1B749D2D00EAC7F6 /* TaskMore.m */ = {isa = PBXFileReference; fileEncoding = 4; lastKnownFileType = sourcecode.c.objc; path = TaskMore.m; sourceTree = "<group>"; };
		809C202D1B74C84300EAC7F6 /* DataHelper.h */ = {isa = PBXFileReference; fileEncoding = 4; lastKnownFileType = sourcecode.c.h; path = DataHelper.h; sourceTree = "<group>"; };
		809C202E1B74C84300EAC7F6 /* DataHelper.m */ = {isa = PBXFileReference; fileEncoding = 4; lastKnownFileType = sourcecode.c.objc; path = DataHelper.m; sourceTree = "<group>"; };
		809C20301B74D4B700EAC7F6 /* CreateTaskViewController.h */ = {isa = PBXFileReference; fileEncoding = 4; lastKnownFileType = sourcecode.c.h; path = CreateTaskViewController.h; sourceTree = "<group>"; };
		809C20311B74D4B700EAC7F6 /* CreateTaskViewController.m */ = {isa = PBXFileReference; fileEncoding = 4; lastKnownFileType = sourcecode.c.objc; path = CreateTaskViewController.m; sourceTree = "<group>"; };
		80A3216C1B6DD8C600FFCD9B /* UserLogin.storyboard */ = {isa = PBXFileReference; fileEncoding = 4; lastKnownFileType = file.storyboard; path = UserLogin.storyboard; sourceTree = "<group>"; };
		80A3216E1B6DE5F200FFCD9B /* UserT.h */ = {isa = PBXFileReference; fileEncoding = 4; lastKnownFileType = sourcecode.c.h; path = UserT.h; sourceTree = "<group>"; };
		80A3216F1B6DE5F200FFCD9B /* UserT.m */ = {isa = PBXFileReference; fileEncoding = 4; lastKnownFileType = sourcecode.c.objc; path = UserT.m; sourceTree = "<group>"; };
		80A321721B6DE8E400FFCD9B /* ViewHelper.h */ = {isa = PBXFileReference; fileEncoding = 4; lastKnownFileType = sourcecode.c.h; path = ViewHelper.h; sourceTree = "<group>"; };
		80A321731B6DE8E400FFCD9B /* ViewHelper.m */ = {isa = PBXFileReference; fileEncoding = 4; lastKnownFileType = sourcecode.c.objc; path = ViewHelper.m; sourceTree = "<group>"; };
		80A321751B6DF83900FFCD9B /* LoginViewController.h */ = {isa = PBXFileReference; fileEncoding = 4; lastKnownFileType = sourcecode.c.h; path = LoginViewController.h; sourceTree = "<group>"; };
		80A321761B6DF83900FFCD9B /* LoginViewController.m */ = {isa = PBXFileReference; fileEncoding = 4; lastKnownFileType = sourcecode.c.objc; path = LoginViewController.m; sourceTree = "<group>"; };
		80A321781B6DF84800FFCD9B /* RegisterViewController.h */ = {isa = PBXFileReference; fileEncoding = 4; lastKnownFileType = sourcecode.c.h; path = RegisterViewController.h; sourceTree = "<group>"; };
		80A321791B6DF84800FFCD9B /* RegisterViewController.m */ = {isa = PBXFileReference; fileEncoding = 4; lastKnownFileType = sourcecode.c.objc; path = RegisterViewController.m; sourceTree = "<group>"; };
		80A3217B1B6E049400FFCD9B /* money-bag-icon.png */ = {isa = PBXFileReference; lastKnownFileType = image.png; path = "money-bag-icon.png"; sourceTree = "<group>"; };
		80AFB5431B6B7985000A7A13 /* ProductDetailViewController.h */ = {isa = PBXFileReference; fileEncoding = 4; lastKnownFileType = sourcecode.c.h; path = ProductDetailViewController.h; sourceTree = "<group>"; };
		80AFB5441B6B7985000A7A13 /* ProductDetailViewController.m */ = {isa = PBXFileReference; fileEncoding = 4; lastKnownFileType = sourcecode.c.objc; path = ProductDetailViewController.m; sourceTree = "<group>"; };
		80AFB5461B6BA26A000A7A13 /* InternetImage.h */ = {isa = PBXFileReference; fileEncoding = 4; lastKnownFileType = sourcecode.c.h; path = InternetImage.h; sourceTree = "<group>"; };
		80AFB5471B6BA26A000A7A13 /* InternetImage.m */ = {isa = PBXFileReference; fileEncoding = 4; lastKnownFileType = sourcecode.c.objc; path = InternetImage.m; sourceTree = "<group>"; };
		80B3CB871B7597DA0007B03E /* ClientPickerViewController.h */ = {isa = PBXFileReference; fileEncoding = 4; lastKnownFileType = sourcecode.c.h; path = ClientPickerViewController.h; sourceTree = "<group>"; };
		80B3CB881B7597DA0007B03E /* ClientPickerViewController.m */ = {isa = PBXFileReference; fileEncoding = 4; lastKnownFileType = sourcecode.c.objc; path = ClientPickerViewController.m; sourceTree = "<group>"; };
		80B3CB891B7597DA0007B03E /* ClientPickerViewController.xib */ = {isa = PBXFileReference; fileEncoding = 4; lastKnownFileType = file.xib; path = ClientPickerViewController.xib; sourceTree = "<group>"; };
		80B3CB8F1B75DF350007B03E /* ControlVariables.h */ = {isa = PBXFileReference; lastKnownFileType = sourcecode.c.h; path = ControlVariables.h; sourceTree = "<group>"; };
		80DC79CA1B6F1447009015DC /* qq.png */ = {isa = PBXFileReference; lastKnownFileType = image.png; path = qq.png; sourceTree = "<group>"; };
		80DC79CB1B6F1447009015DC /* wechat.png */ = {isa = PBXFileReference; lastKnownFileType = image.png; path = wechat.png; sourceTree = "<group>"; };
		80FE9AB11B7DCFF800EF55F0 /* FCRMUITabBarController.h */ = {isa = PBXFileReference; fileEncoding = 4; lastKnownFileType = sourcecode.c.h; path = FCRMUITabBarController.h; sourceTree = "<group>"; };
		80FE9AB21B7DCFF800EF55F0 /* FCRMUITabBarController.m */ = {isa = PBXFileReference; fileEncoding = 4; lastKnownFileType = sourcecode.c.objc; path = FCRMUITabBarController.m; sourceTree = "<group>"; };
		80FE9AB41B7DE01700EF55F0 /* icon.png */ = {isa = PBXFileReference; lastKnownFileType = image.png; path = icon.png; sourceTree = "<group>"; };
		80FF816E1B7371C200044DEF /* TaskTableViewCell.h */ = {isa = PBXFileReference; fileEncoding = 4; lastKnownFileType = sourcecode.c.h; path = TaskTableViewCell.h; sourceTree = "<group>"; };
		80FF816F1B7371C200044DEF /* TaskTableViewCell.m */ = {isa = PBXFileReference; fileEncoding = 4; lastKnownFileType = sourcecode.c.objc; path = TaskTableViewCell.m; sourceTree = "<group>"; };
		80FF81701B7371C200044DEF /* TaskTableViewCell.xib */ = {isa = PBXFileReference; fileEncoding = 4; lastKnownFileType = file.xib; path = TaskTableViewCell.xib; sourceTree = "<group>"; };
/* End PBXFileReference section */

/* Begin PBXFrameworksBuildPhase section */
		801A47FE1B5F9EEE006D537B /* Frameworks */ = {
			isa = PBXFrameworksBuildPhase;
			buildActionMask = 2147483647;
			files = (
				408863ED4F4353D05BD43B69 /* libPods-FCRM.a in Frameworks */,
			);
			runOnlyForDeploymentPostprocessing = 0;
		};
		801A481A1B5F9EEF006D537B /* Frameworks */ = {
			isa = PBXFrameworksBuildPhase;
			buildActionMask = 2147483647;
			files = (
			);
			runOnlyForDeploymentPostprocessing = 0;
		};
/* End PBXFrameworksBuildPhase section */

/* Begin PBXGroup section */
		38A1874B4B2640C4C86DC8D8 /* Frameworks */ = {
			isa = PBXGroup;
			children = (
				6B96895F5C7F0D544F4A62E1 /* libPods-FCRM.a */,
			);
			name = Frameworks;
			sourceTree = "<group>";
		};
		4F3C11A8E099D0C94654A75C /* Pods */ = {
			isa = PBXGroup;
			children = (
				0FE2DA54412FB4F4226B9B78 /* Pods-FCRM.debug.xcconfig */,
				7F80FD54B0F213004D014CFE /* Pods-FCRM.release.xcconfig */,
			);
			name = Pods;
			sourceTree = "<group>";
		};
		801A47F81B5F9EEE006D537B = {
			isa = PBXGroup;
			children = (
				801A48031B5F9EEE006D537B /* FCRM */,
				801A48201B5F9EEF006D537B /* FCRMTests */,
				801A48021B5F9EEE006D537B /* Products */,
				4F3C11A8E099D0C94654A75C /* Pods */,
				38A1874B4B2640C4C86DC8D8 /* Frameworks */,
			);
			sourceTree = "<group>";
		};
		801A48021B5F9EEE006D537B /* Products */ = {
			isa = PBXGroup;
			children = (
				801A48011B5F9EEE006D537B /* FCRM.app */,
				801A481D1B5F9EEF006D537B /* FCRMTests.xctest */,
			);
			name = Products;
			sourceTree = "<group>";
		};
		801A48031B5F9EEE006D537B /* FCRM */ = {
			isa = PBXGroup;
			children = (
				80A321711B6DE8CB00FFCD9B /* Helper */,
				8028D5D31B6A1E270054D0EF /* Reusable Component */,
				808E652B1B6901D300314238 /* Segue */,
				808E65221B68CFBB00314238 /* Model */,
				809C20211B7464F400EAC7F6 /* Task List Section */,
				80A3216B1B6DD89500FFCD9B /* User Login Section */,
				802834D71B70A1B800CEC4BA /* Client List Section */,
				808E650E1B68A82F00314238 /* Product List Section */,
				808E65031B68A7B100314238 /* Image Resource */,
				801A48081B5F9EEE006D537B /* AppDelegate.h */,
				801A48091B5F9EEE006D537B /* AppDelegate.m */,
				80FE9AB11B7DCFF800EF55F0 /* FCRMUITabBarController.h */,
				80FE9AB21B7DCFF800EF55F0 /* FCRMUITabBarController.m */,
				801A48111B5F9EEE006D537B /* Main.storyboard */,
				801A48141B5F9EEE006D537B /* Images.xcassets */,
				801A48161B5F9EEE006D537B /* LaunchScreen.xib */,
				801A480B1B5F9EEE006D537B /* FCRM.xcdatamodeld */,
				801A48041B5F9EEE006D537B /* Supporting Files */,
			);
			path = FCRM;
			sourceTree = "<group>";
		};
		801A48041B5F9EEE006D537B /* Supporting Files */ = {
			isa = PBXGroup;
			children = (
				801A48051B5F9EEE006D537B /* Info.plist */,
				801A48061B5F9EEE006D537B /* main.m */,
			);
			name = "Supporting Files";
			sourceTree = "<group>";
		};
		801A48201B5F9EEF006D537B /* FCRMTests */ = {
			isa = PBXGroup;
			children = (
				801A48231B5F9EEF006D537B /* FCRMTests.m */,
				801A48211B5F9EEF006D537B /* Supporting Files */,
			);
			path = FCRMTests;
			sourceTree = "<group>";
		};
		801A48211B5F9EEF006D537B /* Supporting Files */ = {
			isa = PBXGroup;
			children = (
				801A48221B5F9EEF006D537B /* Info.plist */,
			);
			name = "Supporting Files";
			sourceTree = "<group>";
		};
		802834D11B70986F00CEC4BA /* ClientCell */ = {
			isa = PBXGroup;
			children = (
				802834D21B7098A000CEC4BA /* ClientTableViewCell.h */,
				802834D31B7098A000CEC4BA /* ClientTableViewCell.m */,
				802834D41B7098A000CEC4BA /* ClientTableViewCell.xib */,
			);
			name = ClientCell;
			sourceTree = "<group>";
		};
		802834D71B70A1B800CEC4BA /* Client List Section */ = {
			isa = PBXGroup;
			children = (
				802834DA1B70A26300CEC4BA /* ClientListViewController.h */,
				802834DB1B70A26300CEC4BA /* ClientListViewController.m */,
				802834E61B70E60400CEC4BA /* CreateClientTableViewController.h */,
				802834E71B70E60400CEC4BA /* CreateClientTableViewController.m */,
				802834D81B70A1EE00CEC4BA /* ClientList.storyboard */,
			);
			name = "Client List Section";
			sourceTree = "<group>";
		};
		8028D5D31B6A1E270054D0EF /* Reusable Component */ = {
			isa = PBXGroup;
			children = (
				80B3CB861B7597770007B03E /* ClientPicker */,
				80FF816D1B73718D00044DEF /* TaskCell */,
				802834D11B70986F00CEC4BA /* ClientCell */,
				8028D5D61B6A1EFD0054D0EF /* InternetImage */,
				8028D5D51B6A1EB00054D0EF /* SimpleFilterPicker */,
				8028D5D41B6A1E7E0054D0EF /* ProductCell */,
			);
			name = "Reusable Component";
			sourceTree = "<group>";
		};
		8028D5D41B6A1E7E0054D0EF /* ProductCell */ = {
			isa = PBXGroup;
			children = (
				808E65151B68BADD00314238 /* ProductTableViewCell.m */,
				808E65141B68BADD00314238 /* ProductTableViewCell.h */,
				808E65161B68BADD00314238 /* ProductTableViewCell.xib */,
			);
			name = ProductCell;
			sourceTree = "<group>";
		};
		8028D5D51B6A1EB00054D0EF /* SimpleFilterPicker */ = {
			isa = PBXGroup;
			children = (
				8028D5DE1B6A200C0054D0EF /* SimpleFilterPicker.h */,
				8028D5DF1B6A200C0054D0EF /* SimpleFilterPicker.m */,
				8028D5DC1B6A1FC20054D0EF /* SimpleFilterPicker.xib */,
			);
			name = SimpleFilterPicker;
			sourceTree = "<group>";
		};
		8028D5D61B6A1EFD0054D0EF /* InternetImage */ = {
			isa = PBXGroup;
			children = (
				80AFB5461B6BA26A000A7A13 /* InternetImage.h */,
				80AFB5471B6BA26A000A7A13 /* InternetImage.m */,
			);
			name = InternetImage;
			sourceTree = "<group>";
		};
		808E65031B68A7B100314238 /* Image Resource */ = {
			isa = PBXGroup;
			children = (
				80FE9AB41B7DE01700EF55F0 /* icon.png */,
				806342AB1B71F18000F7A64E /* checkmark@2x.png */,
				80DC79CA1B6F1447009015DC /* qq.png */,
				80DC79CB1B6F1447009015DC /* wechat.png */,
				80A3217B1B6E049400FFCD9B /* money-bag-icon.png */,
				808E651A1B68BCC700314238 /* low.png */,
				8028D5CC1B69D9A10054D0EF /* low@2x.png */,
				8028D5CD1B69D9A10054D0EF /* low@3x.png */,
				808E65191B68BCC700314238 /* high.png */,
				8028D5C41B69D98C0054D0EF /* high@2x.png */,
				8028D5C51B69D98C0054D0EF /* high@3x.png */,
				808E651B1B68BCC700314238 /* middle.png */,
				8028D5C61B69D98C0054D0EF /* middle@2x.png */,
				8028D5C71B69D98C0054D0EF /* middle@3x.png */,
				8028D5B81B69D4BC0054D0EF /* baoxianicon.png */,
				8028D5B91B69D4BC0054D0EF /* duichongicon.png */,
				8028D5BA1B69D4BC0054D0EF /* gupiaoicon.png */,
				8028D5BB1B69D4BC0054D0EF /* huobiicon.png */,
				8028D5BC1B69D4BC0054D0EF /* p2picon.png */,
				8028D5BD1B69D4BC0054D0EF /* zhaiquanicon.png */,
			);
			name = "Image Resource";
			sourceTree = "<group>";
		};
		808E650E1B68A82F00314238 /* Product List Section */ = {
			isa = PBXGroup;
			children = (
				808E65111B68BA2D00314238 /* ProductCategoriesViewController.h */,
				808E65121B68BA2D00314238 /* ProductCategoriesViewController.m */,
				8028D5D01B6A139E0054D0EF /* ProductListViewController.h */,
				8028D5D11B6A139E0054D0EF /* ProductListViewController.m */,
				80AFB5431B6B7985000A7A13 /* ProductDetailViewController.h */,
				80AFB5441B6B7985000A7A13 /* ProductDetailViewController.m */,
				808E650F1B68A8BE00314238 /* ProductList.storyboard */,
			);
			name = "Product List Section";
			sourceTree = "<group>";
		};
		808E65221B68CFBB00314238 /* Model */ = {
			isa = PBXGroup;
			children = (
				808E65271B68DB0D00314238 /* CoreData */,
				808E65231B68CFE100314238 /* Transient */,
			);
			name = Model;
			sourceTree = "<group>";
		};
		808E65231B68CFE100314238 /* Transient */ = {
			isa = PBXGroup;
			children = (
				808E651F1B68CF9B00314238 /* ProductT.h */,
				808E65201B68CF9B00314238 /* ProductT.m */,
				80A3216E1B6DE5F200FFCD9B /* UserT.h */,
				80A3216F1B6DE5F200FFCD9B /* UserT.m */,
			);
			name = Transient;
			sourceTree = "<group>";
		};
		808E65271B68DB0D00314238 /* CoreData */ = {
			isa = PBXGroup;
			children = (
				802834E01B70A47900CEC4BA /* ClientMore.h */,
				802834E11B70A47900CEC4BA /* ClientMore.m */,
				802834E91B71022D00CEC4BA /* Client.h */,
				802834EA1B71022D00CEC4BA /* Client.m */,
				809C20271B749D1400EAC7F6 /* Task.h */,
				809C20281B749D1400EAC7F6 /* Task.m */,
				809C202A1B749D2D00EAC7F6 /* TaskMore.h */,
				809C202B1B749D2D00EAC7F6 /* TaskMore.m */,
			);
			name = CoreData;
			sourceTree = "<group>";
		};
		808E652B1B6901D300314238 /* Segue */ = {
			isa = PBXGroup;
			children = (
			);
			name = Segue;
			sourceTree = "<group>";
		};
		809C20211B7464F400EAC7F6 /* Task List Section */ = {
			isa = PBXGroup;
			children = (
				809C20241B74977300EAC7F6 /* TaskListViewController.h */,
				809C20251B74977300EAC7F6 /* TaskListViewController.m */,
				809C20301B74D4B700EAC7F6 /* CreateTaskViewController.h */,
				809C20311B74D4B700EAC7F6 /* CreateTaskViewController.m */,
				809C20221B74654100EAC7F6 /* TaskList.storyboard */,
			);
			name = "Task List Section";
			sourceTree = "<group>";
		};
		80A3216B1B6DD89500FFCD9B /* User Login Section */ = {
			isa = PBXGroup;
			children = (
				80A3216C1B6DD8C600FFCD9B /* UserLogin.storyboard */,
				80A321751B6DF83900FFCD9B /* LoginViewController.h */,
				80A321761B6DF83900FFCD9B /* LoginViewController.m */,
				80A321781B6DF84800FFCD9B /* RegisterViewController.h */,
				80A321791B6DF84800FFCD9B /* RegisterViewController.m */,
			);
			name = "User Login Section";
			sourceTree = "<group>";
		};
		80A321711B6DE8CB00FFCD9B /* Helper */ = {
			isa = PBXGroup;
			children = (
				80A321721B6DE8E400FFCD9B /* ViewHelper.h */,
				80A321731B6DE8E400FFCD9B /* ViewHelper.m */,
				809C202D1B74C84300EAC7F6 /* DataHelper.h */,
				809C202E1B74C84300EAC7F6 /* DataHelper.m */,
				80B3CB8F1B75DF350007B03E /* ControlVariables.h */,
			);
			name = Helper;
			sourceTree = "<group>";
		};
		80B3CB861B7597770007B03E /* ClientPicker */ = {
			isa = PBXGroup;
			children = (
				80B3CB871B7597DA0007B03E /* ClientPickerViewController.h */,
				80B3CB881B7597DA0007B03E /* ClientPickerViewController.m */,
				80B3CB891B7597DA0007B03E /* ClientPickerViewController.xib */,
			);
			name = ClientPicker;
			sourceTree = "<group>";
		};
		80FF816D1B73718D00044DEF /* TaskCell */ = {
			isa = PBXGroup;
			children = (
				80FF816E1B7371C200044DEF /* TaskTableViewCell.h */,
				80FF816F1B7371C200044DEF /* TaskTableViewCell.m */,
				80FF81701B7371C200044DEF /* TaskTableViewCell.xib */,
			);
			name = TaskCell;
			sourceTree = "<group>";
		};
/* End PBXGroup section */

/* Begin PBXNativeTarget section */
		801A48001B5F9EEE006D537B /* FCRM */ = {
			isa = PBXNativeTarget;
			buildConfigurationList = 801A48271B5F9EEF006D537B /* Build configuration list for PBXNativeTarget "FCRM" */;
			buildPhases = (
				F95B00D137B4C45F67D250F5 /* Check Pods Manifest.lock */,
				801A47FD1B5F9EEE006D537B /* Sources */,
				801A47FE1B5F9EEE006D537B /* Frameworks */,
				801A47FF1B5F9EEE006D537B /* Resources */,
				7FE0D750C11D7CFFC586DA7A /* Copy Pods Resources */,
			);
			buildRules = (
			);
			dependencies = (
			);
			name = FCRM;
			productName = FCRM;
			productReference = 801A48011B5F9EEE006D537B /* FCRM.app */;
			productType = "com.apple.product-type.application";
		};
		801A481C1B5F9EEF006D537B /* FCRMTests */ = {
			isa = PBXNativeTarget;
			buildConfigurationList = 801A482A1B5F9EEF006D537B /* Build configuration list for PBXNativeTarget "FCRMTests" */;
			buildPhases = (
				801A48191B5F9EEF006D537B /* Sources */,
				801A481A1B5F9EEF006D537B /* Frameworks */,
				801A481B1B5F9EEF006D537B /* Resources */,
			);
			buildRules = (
			);
			dependencies = (
				801A481F1B5F9EEF006D537B /* PBXTargetDependency */,
			);
			name = FCRMTests;
			productName = FCRMTests;
			productReference = 801A481D1B5F9EEF006D537B /* FCRMTests.xctest */;
			productType = "com.apple.product-type.bundle.unit-test";
		};
/* End PBXNativeTarget section */

/* Begin PBXProject section */
		801A47F91B5F9EEE006D537B /* Project object */ = {
			isa = PBXProject;
			attributes = {
				LastUpgradeCheck = 0640;
				ORGANIZATIONNAME = "song jiekun";
				TargetAttributes = {
					801A48001B5F9EEE006D537B = {
						CreatedOnToolsVersion = 6.4;
						DevelopmentTeam = 3V55936433;
					};
					801A481C1B5F9EEF006D537B = {
						CreatedOnToolsVersion = 6.4;
						TestTargetID = 801A48001B5F9EEE006D537B;
					};
				};
			};
			buildConfigurationList = 801A47FC1B5F9EEE006D537B /* Build configuration list for PBXProject "FCRM" */;
			compatibilityVersion = "Xcode 3.2";
			developmentRegion = English;
			hasScannedForEncodings = 0;
			knownRegions = (
				en,
				Base,
			);
			mainGroup = 801A47F81B5F9EEE006D537B;
			productRefGroup = 801A48021B5F9EEE006D537B /* Products */;
			projectDirPath = "";
			projectRoot = "";
			targets = (
				801A48001B5F9EEE006D537B /* FCRM */,
				801A481C1B5F9EEF006D537B /* FCRMTests */,
			);
		};
/* End PBXProject section */

/* Begin PBXResourcesBuildPhase section */
		801A47FF1B5F9EEE006D537B /* Resources */ = {
			isa = PBXResourcesBuildPhase;
			buildActionMask = 2147483647;
			files = (
				8028D5CA1B69D98C0054D0EF /* middle@2x.png in Resources */,
				8028D5C81B69D98C0054D0EF /* high@2x.png in Resources */,
				808E651D1B68BCC700314238 /* low.png in Resources */,
				80DC79CD1B6F1447009015DC /* wechat.png in Resources */,
				80FE9AB51B7DE01700EF55F0 /* icon.png in Resources */,
				8028D5BF1B69D4BC0054D0EF /* duichongicon.png in Resources */,
				80A3217C1B6E049400FFCD9B /* money-bag-icon.png in Resources */,
				806342AC1B71F18000F7A64E /* checkmark@2x.png in Resources */,
				808E65101B68A8BE00314238 /* ProductList.storyboard in Resources */,
				80A3216D1B6DD8C600FFCD9B /* UserLogin.storyboard in Resources */,
				801A48131B5F9EEE006D537B /* Main.storyboard in Resources */,
				802834D91B70A1EE00CEC4BA /* ClientList.storyboard in Resources */,
				8028D5CF1B69D9A10054D0EF /* low@3x.png in Resources */,
				8028D5C11B69D4BC0054D0EF /* huobiicon.png in Resources */,
				801A48181B5F9EEE006D537B /* LaunchScreen.xib in Resources */,
				8028D5CB1B69D98C0054D0EF /* middle@3x.png in Resources */,
				801A48151B5F9EEE006D537B /* Images.xcassets in Resources */,
				8028D5C31B69D4BC0054D0EF /* zhaiquanicon.png in Resources */,
				809C20231B74654100EAC7F6 /* TaskList.storyboard in Resources */,
				8028D5C91B69D98C0054D0EF /* high@3x.png in Resources */,
				8028D5C21B69D4BC0054D0EF /* p2picon.png in Resources */,
				808E65181B68BADD00314238 /* ProductTableViewCell.xib in Resources */,
				808E651C1B68BCC700314238 /* high.png in Resources */,
				808E651E1B68BCC700314238 /* middle.png in Resources */,
				80B3CB8B1B7597DA0007B03E /* ClientPickerViewController.xib in Resources */,
				80DC79CC1B6F1447009015DC /* qq.png in Resources */,
				8028D5BE1B69D4BC0054D0EF /* baoxianicon.png in Resources */,
				802834D61B7098A000CEC4BA /* ClientTableViewCell.xib in Resources */,
				80FF81721B7371C200044DEF /* TaskTableViewCell.xib in Resources */,
				8028D5CE1B69D9A10054D0EF /* low@2x.png in Resources */,
				8028D5C01B69D4BC0054D0EF /* gupiaoicon.png in Resources */,
				8028D5DD1B6A1FC20054D0EF /* SimpleFilterPicker.xib in Resources */,
			);
			runOnlyForDeploymentPostprocessing = 0;
		};
		801A481B1B5F9EEF006D537B /* Resources */ = {
			isa = PBXResourcesBuildPhase;
			buildActionMask = 2147483647;
			files = (
			);
			runOnlyForDeploymentPostprocessing = 0;
		};
/* End PBXResourcesBuildPhase section */

/* Begin PBXShellScriptBuildPhase section */
		7FE0D750C11D7CFFC586DA7A /* Copy Pods Resources */ = {
			isa = PBXShellScriptBuildPhase;
			buildActionMask = 2147483647;
			files = (
			);
			inputPaths = (
			);
			name = "Copy Pods Resources";
			outputPaths = (
			);
			runOnlyForDeploymentPostprocessing = 0;
			shellPath = /bin/sh;
			shellScript = "\"${SRCROOT}/Pods/Target Support Files/Pods-FCRM/Pods-FCRM-resources.sh\"\n";
			showEnvVarsInLog = 0;
		};
		F95B00D137B4C45F67D250F5 /* Check Pods Manifest.lock */ = {
			isa = PBXShellScriptBuildPhase;
			buildActionMask = 2147483647;
			files = (
			);
			inputPaths = (
			);
			name = "Check Pods Manifest.lock";
			outputPaths = (
			);
			runOnlyForDeploymentPostprocessing = 0;
			shellPath = /bin/sh;
			shellScript = "diff \"${PODS_ROOT}/../Podfile.lock\" \"${PODS_ROOT}/Manifest.lock\" > /dev/null\nif [[ $? != 0 ]] ; then\n    cat << EOM\nerror: The sandbox is not in sync with the Podfile.lock. Run 'pod install' or update your CocoaPods installation.\nEOM\n    exit 1\nfi\n";
			showEnvVarsInLog = 0;
		};
/* End PBXShellScriptBuildPhase section */

/* Begin PBXSourcesBuildPhase section */
		801A47FD1B5F9EEE006D537B /* Sources */ = {
			isa = PBXSourcesBuildPhase;
			buildActionMask = 2147483647;
			files = (
				801A480A1B5F9EEE006D537B /* AppDelegate.m in Sources */,
				80FE9AB31B7DCFF800EF55F0 /* FCRMUITabBarController.m in Sources */,
				809C20321B74D4B700EAC7F6 /* CreateTaskViewController.m in Sources */,
				80AFB5451B6B7985000A7A13 /* ProductDetailViewController.m in Sources */,
				802834E81B70E60400CEC4BA /* CreateClientTableViewController.m in Sources */,
				802834D51B7098A000CEC4BA /* ClientTableViewCell.m in Sources */,
				801A48071B5F9EEE006D537B /* main.m in Sources */,
				809C202F1B74C84300EAC7F6 /* DataHelper.m in Sources */,
				802834E21B70A47900CEC4BA /* ClientMore.m in Sources */,
				80A321771B6DF83900FFCD9B /* LoginViewController.m in Sources */,
				8028D5E01B6A200C0054D0EF /* SimpleFilterPicker.m in Sources */,
				808E65171B68BADD00314238 /* ProductTableViewCell.m in Sources */,
				80AFB5481B6BA26A000A7A13 /* InternetImage.m in Sources */,
				80A321741B6DE8E400FFCD9B /* ViewHelper.m in Sources */,
				801A480D1B5F9EEE006D537B /* FCRM.xcdatamodeld in Sources */,
				80A3217A1B6DF84800FFCD9B /* RegisterViewController.m in Sources */,
				802834EB1B71022D00CEC4BA /* Client.m in Sources */,
				80B3CB8A1B7597DA0007B03E /* ClientPickerViewController.m in Sources */,
				809C20291B749D1400EAC7F6 /* Task.m in Sources */,
				809C20261B74977300EAC7F6 /* TaskListViewController.m in Sources */,
				808E65131B68BA2D00314238 /* ProductCategoriesViewController.m in Sources */,
				80A321701B6DE5F200FFCD9B /* UserT.m in Sources */,
				809C202C1B749D2D00EAC7F6 /* TaskMore.m in Sources */,
				80FF81711B7371C200044DEF /* TaskTableViewCell.m in Sources */,
				8028D5D21B6A139E0054D0EF /* ProductListViewController.m in Sources */,
				808E65211B68CF9B00314238 /* ProductT.m in Sources */,
				802834DC1B70A26300CEC4BA /* ClientListViewController.m in Sources */,
			);
			runOnlyForDeploymentPostprocessing = 0;
		};
		801A48191B5F9EEF006D537B /* Sources */ = {
			isa = PBXSourcesBuildPhase;
			buildActionMask = 2147483647;
			files = (
				801A48241B5F9EEF006D537B /* FCRMTests.m in Sources */,
			);
			runOnlyForDeploymentPostprocessing = 0;
		};
/* End PBXSourcesBuildPhase section */

/* Begin PBXTargetDependency section */
		801A481F1B5F9EEF006D537B /* PBXTargetDependency */ = {
			isa = PBXTargetDependency;
			target = 801A48001B5F9EEE006D537B /* FCRM */;
			targetProxy = 801A481E1B5F9EEF006D537B /* PBXContainerItemProxy */;
		};
/* End PBXTargetDependency section */

/* Begin PBXVariantGroup section */
		801A48111B5F9EEE006D537B /* Main.storyboard */ = {
			isa = PBXVariantGroup;
			children = (
				801A48121B5F9EEE006D537B /* Base */,
			);
			name = Main.storyboard;
			sourceTree = "<group>";
		};
		801A48161B5F9EEE006D537B /* LaunchScreen.xib */ = {
			isa = PBXVariantGroup;
			children = (
				801A48171B5F9EEE006D537B /* Base */,
			);
			name = LaunchScreen.xib;
			sourceTree = "<group>";
		};
/* End PBXVariantGroup section */

/* Begin XCBuildConfiguration section */
		801A48251B5F9EEF006D537B /* Debug */ = {
			isa = XCBuildConfiguration;
			buildSettings = {
				ALWAYS_SEARCH_USER_PATHS = NO;
				CLANG_CXX_LANGUAGE_STANDARD = "gnu++0x";
				CLANG_CXX_LIBRARY = "libc++";
				CLANG_ENABLE_MODULES = YES;
				CLANG_ENABLE_OBJC_ARC = YES;
				CLANG_WARN_BOOL_CONVERSION = YES;
				CLANG_WARN_CONSTANT_CONVERSION = YES;
				CLANG_WARN_DIRECT_OBJC_ISA_USAGE = YES_ERROR;
				CLANG_WARN_EMPTY_BODY = YES;
				CLANG_WARN_ENUM_CONVERSION = YES;
				CLANG_WARN_INT_CONVERSION = YES;
				CLANG_WARN_OBJC_ROOT_CLASS = YES_ERROR;
				CLANG_WARN_UNREACHABLE_CODE = YES;
				CLANG_WARN__DUPLICATE_METHOD_MATCH = YES;
				"CODE_SIGN_IDENTITY[sdk=iphoneos*]" = "iPhone Developer";
				COPY_PHASE_STRIP = NO;
				DEBUG_INFORMATION_FORMAT = "dwarf-with-dsym";
				ENABLE_STRICT_OBJC_MSGSEND = YES;
				GCC_C_LANGUAGE_STANDARD = gnu99;
				GCC_DYNAMIC_NO_PIC = NO;
				GCC_NO_COMMON_BLOCKS = YES;
				GCC_OPTIMIZATION_LEVEL = 0;
				GCC_PREPROCESSOR_DEFINITIONS = (
					"DEBUG=1",
					"$(inherited)",
				);
				GCC_SYMBOLS_PRIVATE_EXTERN = NO;
				GCC_WARN_64_TO_32_BIT_CONVERSION = YES;
				GCC_WARN_ABOUT_RETURN_TYPE = YES_ERROR;
				GCC_WARN_UNDECLARED_SELECTOR = YES;
				GCC_WARN_UNINITIALIZED_AUTOS = YES_AGGRESSIVE;
				GCC_WARN_UNUSED_FUNCTION = YES;
				GCC_WARN_UNUSED_VARIABLE = YES;
				IPHONEOS_DEPLOYMENT_TARGET = 8.4;
				MTL_ENABLE_DEBUG_INFO = YES;
				ONLY_ACTIVE_ARCH = YES;
				SDKROOT = iphoneos;
			};
			name = Debug;
		};
		801A48261B5F9EEF006D537B /* Release */ = {
			isa = XCBuildConfiguration;
			buildSettings = {
				ALWAYS_SEARCH_USER_PATHS = NO;
				CLANG_CXX_LANGUAGE_STANDARD = "gnu++0x";
				CLANG_CXX_LIBRARY = "libc++";
				CLANG_ENABLE_MODULES = YES;
				CLANG_ENABLE_OBJC_ARC = YES;
				CLANG_WARN_BOOL_CONVERSION = YES;
				CLANG_WARN_CONSTANT_CONVERSION = YES;
				CLANG_WARN_DIRECT_OBJC_ISA_USAGE = YES_ERROR;
				CLANG_WARN_EMPTY_BODY = YES;
				CLANG_WARN_ENUM_CONVERSION = YES;
				CLANG_WARN_INT_CONVERSION = YES;
				CLANG_WARN_OBJC_ROOT_CLASS = YES_ERROR;
				CLANG_WARN_UNREACHABLE_CODE = YES;
				CLANG_WARN__DUPLICATE_METHOD_MATCH = YES;
				"CODE_SIGN_IDENTITY[sdk=iphoneos*]" = "iPhone Developer";
				COPY_PHASE_STRIP = NO;
				DEBUG_INFORMATION_FORMAT = "dwarf-with-dsym";
				ENABLE_NS_ASSERTIONS = NO;
				ENABLE_STRICT_OBJC_MSGSEND = YES;
				GCC_C_LANGUAGE_STANDARD = gnu99;
				GCC_NO_COMMON_BLOCKS = YES;
				GCC_WARN_64_TO_32_BIT_CONVERSION = YES;
				GCC_WARN_ABOUT_RETURN_TYPE = YES_ERROR;
				GCC_WARN_UNDECLARED_SELECTOR = YES;
				GCC_WARN_UNINITIALIZED_AUTOS = YES_AGGRESSIVE;
				GCC_WARN_UNUSED_FUNCTION = YES;
				GCC_WARN_UNUSED_VARIABLE = YES;
				IPHONEOS_DEPLOYMENT_TARGET = 8.4;
				MTL_ENABLE_DEBUG_INFO = NO;
				SDKROOT = iphoneos;
				VALIDATE_PRODUCT = YES;
			};
			name = Release;
		};
		801A48281B5F9EEF006D537B /* Debug */ = {
			isa = XCBuildConfiguration;
			baseConfigurationReference = 0FE2DA54412FB4F4226B9B78 /* Pods-FCRM.debug.xcconfig */;
			buildSettings = {
				ASSETCATALOG_COMPILER_APPICON_NAME = AppIcon;
				ASSETCATALOG_COMPILER_LAUNCHIMAGE_NAME = LaunchImage;
				CODE_SIGN_IDENTITY = "iPhone Developer";
				INFOPLIST_FILE = FCRM/Info.plist;
				IPHONEOS_DEPLOYMENT_TARGET = 7.0;
				LD_RUNPATH_SEARCH_PATHS = "$(inherited) @executable_path/Frameworks";
				PRODUCT_NAME = "$(TARGET_NAME)";
			};
			name = Debug;
		};
		801A48291B5F9EEF006D537B /* Release */ = {
			isa = XCBuildConfiguration;
			baseConfigurationReference = 7F80FD54B0F213004D014CFE /* Pods-FCRM.release.xcconfig */;
			buildSettings = {
				ASSETCATALOG_COMPILER_APPICON_NAME = AppIcon;
				ASSETCATALOG_COMPILER_LAUNCHIMAGE_NAME = LaunchImage;
				CODE_SIGN_IDENTITY = "iPhone Developer";
				INFOPLIST_FILE = FCRM/Info.plist;
				IPHONEOS_DEPLOYMENT_TARGET = 7.0;
				LD_RUNPATH_SEARCH_PATHS = "$(inherited) @executable_path/Frameworks";
				PRODUCT_NAME = "$(TARGET_NAME)";
			};
			name = Release;
		};
		801A482B1B5F9EEF006D537B /* Debug */ = {
			isa = XCBuildConfiguration;
			buildSettings = {
				BUNDLE_LOADER = "$(TEST_HOST)";
				FRAMEWORK_SEARCH_PATHS = (
					"$(SDKROOT)/Developer/Library/Frameworks",
					"$(inherited)",
				);
				GCC_PREPROCESSOR_DEFINITIONS = (
					"DEBUG=1",
					"$(inherited)",
				);
				INFOPLIST_FILE = FCRMTests/Info.plist;
				LD_RUNPATH_SEARCH_PATHS = "$(inherited) @executable_path/Frameworks @loader_path/Frameworks";
				PRODUCT_NAME = "$(TARGET_NAME)";
				TEST_HOST = "$(BUILT_PRODUCTS_DIR)/FCRM.app/FCRM";
			};
			name = Debug;
		};
		801A482C1B5F9EEF006D537B /* Release */ = {
			isa = XCBuildConfiguration;
			buildSettings = {
				BUNDLE_LOADER = "$(TEST_HOST)";
				FRAMEWORK_SEARCH_PATHS = (
					"$(SDKROOT)/Developer/Library/Frameworks",
					"$(inherited)",
				);
				INFOPLIST_FILE = FCRMTests/Info.plist;
				LD_RUNPATH_SEARCH_PATHS = "$(inherited) @executable_path/Frameworks @loader_path/Frameworks";
				PRODUCT_NAME = "$(TARGET_NAME)";
				TEST_HOST = "$(BUILT_PRODUCTS_DIR)/FCRM.app/FCRM";
			};
			name = Release;
		};
/* End XCBuildConfiguration section */

/* Begin XCConfigurationList section */
		801A47FC1B5F9EEE006D537B /* Build configuration list for PBXProject "FCRM" */ = {
			isa = XCConfigurationList;
			buildConfigurations = (
				801A48251B5F9EEF006D537B /* Debug */,
				801A48261B5F9EEF006D537B /* Release */,
			);
			defaultConfigurationIsVisible = 0;
			defaultConfigurationName = Release;
		};
		801A48271B5F9EEF006D537B /* Build configuration list for PBXNativeTarget "FCRM" */ = {
			isa = XCConfigurationList;
			buildConfigurations = (
				801A48281B5F9EEF006D537B /* Debug */,
				801A48291B5F9EEF006D537B /* Release */,
			);
			defaultConfigurationIsVisible = 0;
			defaultConfigurationName = Release;
		};
		801A482A1B5F9EEF006D537B /* Build configuration list for PBXNativeTarget "FCRMTests" */ = {
			isa = XCConfigurationList;
			buildConfigurations = (
				801A482B1B5F9EEF006D537B /* Debug */,
				801A482C1B5F9EEF006D537B /* Release */,
			);
			defaultConfigurationIsVisible = 0;
			defaultConfigurationName = Release;
		};
/* End XCConfigurationList section */

/* Begin XCVersionGroup section */
		801A480B1B5F9EEE006D537B /* FCRM.xcdatamodeld */ = {
			isa = XCVersionGroup;
			children = (
				801A480C1B5F9EEE006D537B /* FCRM.xcdatamodel */,
			);
			currentVersion = 801A480C1B5F9EEE006D537B /* FCRM.xcdatamodel */;
			path = FCRM.xcdatamodeld;
			sourceTree = "<group>";
			versionGroupType = wrapper.xcdatamodel;
		};
/* End XCVersionGroup section */
	};
	rootObject = 801A47F91B5F9EEE006D537B /* Project object */;
}
